
Microsoft Visual Studio Solution File, Format Version 12.00
# Visual Studio Version 17
VisualStudioVersion = 17.11.35219.272
MinimumVisualStudioVersion = 10.0.40219.1
Project("{FAE04EC0-301F-11D3-BF4B-00C04F79EFBC}") = "Inlämning uppgift2_1", "Inlämning uppgift2_1\Inlämning uppgift2_1.csproj", "{6AC21066-14BE-473C-931F-18301AE4A3FC}"
EndProject
Global
	GlobalSection(SolutionConfigurationPlatforms) = preSolution
		Debug|Any CPU = Debug|Any CPU
		Release|Any CPU = Release|Any CPU
	EndGlobalSection
	GlobalSection(ProjectConfigurationPlatforms) = postSolution
		{6AC21066-14BE-473C-931F-18301AE4A3FC}.Debug|Any CPU.ActiveCfg = Debug|Any CPU
		{6AC21066-14BE-473C-931F-18301AE4A3FC}.Debug|Any CPU.Build.0 = Debug|Any CPU
		{6AC21066-14BE-473C-931F-18301AE4A3FC}.Release|Any CPU.ActiveCfg = Release|Any CPU
		{6AC21066-14BE-473C-931F-18301AE4A3FC}.Release|Any CPU.Build.0 = Release|Any CPU
	EndGlobalSection
	GlobalSection(SolutionProperties) = preSolution
		HideSolutionNode = FALSE
	EndGlobalSection
	GlobalSection(ExtensibilityGlobals) = postSolution
		SolutionGuid = {DA992F18-F4E0-459D-8F7E-2AC84C5B06C3}
	EndGlobalSection
EndGlobal
